
Microsoft Visual Studio Solution File, Format Version 12.00
Project("{FAE04EC0-301F-11D3-BF4B-00C04F79EFBC}") = "Toolkit.Minio", "src\Toolkit.Minio.csproj", "{FD0BEA94-2883-4EAA-A5A6-76BB5BB34BB2}"
EndProject
Project("{FAE04EC0-301F-11D3-BF4B-00C04F79EFBC}") = "Toolkit.Minio.Tests", "tests\Toolkit.Minio.Tests.csproj", "{00C4EF56-33CA-4788-B143-6F6C2C276AF6}"
EndProject
Global
	GlobalSection(SolutionConfigurationPlatforms) = preSolution
		Debug|Any CPU = Debug|Any CPU
		Release|Any CPU = Release|Any CPU
	EndGlobalSection
	GlobalSection(ProjectConfigurationPlatforms) = postSolution
		{FD0BEA94-2883-4EAA-A5A6-76BB5BB34BB2}.Debug|Any CPU.ActiveCfg = Debug|Any CPU
		{FD0BEA94-2883-4EAA-A5A6-76BB5BB34BB2}.Debug|Any CPU.Build.0 = Debug|Any CPU
		{FD0BEA94-2883-4EAA-A5A6-76BB5BB34BB2}.Release|Any CPU.ActiveCfg = Release|Any CPU
		{FD0BEA94-2883-4EAA-A5A6-76BB5BB34BB2}.Release|Any CPU.Build.0 = Release|Any CPU
		{00C4EF56-33CA-4788-B143-6F6C2C276AF6}.Debug|Any CPU.ActiveCfg = Debug|Any CPU
		{00C4EF56-33CA-4788-B143-6F6C2C276AF6}.Debug|Any CPU.Build.0 = Debug|Any CPU
		{00C4EF56-33CA-4788-B143-6F6C2C276AF6}.Release|Any CPU.ActiveCfg = Release|Any CPU
		{00C4EF56-33CA-4788-B143-6F6C2C276AF6}.Release|Any CPU.Build.0 = Release|Any CPU
	EndGlobalSection
EndGlobal
